
Microsoft Visual Studio Solution File, Format Version 12.00
Project("{FAE04EC0-301F-11D3-BF4B-00C04F79EFBC}") = "Skyvo.WPF", "Skyvo.WPF\Skyvo.WPF.csproj", "{A9347048-B070-4D90-AE3E-F1CA68BA443B}"
EndProject
Global
	GlobalSection(SolutionConfigurationPlatforms) = preSolution
		Debug|Any CPU = Debug|Any CPU
		Release|Any CPU = Release|Any CPU
	EndGlobalSection
	GlobalSection(ProjectConfigurationPlatforms) = postSolution
		{A9347048-B070-4D90-AE3E-F1CA68BA443B}.Debug|Any CPU.ActiveCfg = Debug|Any CPU
		{A9347048-B070-4D90-AE3E-F1CA68BA443B}.Debug|Any CPU.Build.0 = Debug|Any CPU
		{A9347048-B070-4D90-AE3E-F1CA68BA443B}.Release|Any CPU.ActiveCfg = Release|Any CPU
		{A9347048-B070-4D90-AE3E-F1CA68BA443B}.Release|Any CPU.Build.0 = Release|Any CPU
	EndGlobalSection
EndGlobal
